// !$*UTF8*$!
{
	archiveVersion = 1;
	classes = {
	};
	objectVersion = 46;
	objects = {

/* Begin PBXBuildFile section */
		6BAA3A7F166812420060DFCF /* UIKit.framework in Frameworks */ = {isa = PBXBuildFile; fileRef = 6BAA3A7E166812420060DFCF /* UIKit.framework */; };
		6BAA3A81166812420060DFCF /* Foundation.framework in Frameworks */ = {isa = PBXBuildFile; fileRef = 6BAA3A80166812420060DFCF /* Foundation.framework */; };
		6BAA3A83166812420060DFCF /* CoreGraphics.framework in Frameworks */ = {isa = PBXBuildFile; fileRef = 6BAA3A82166812420060DFCF /* CoreGraphics.framework */; };
		6BAA3A89166812420060DFCF /* InfoPlist.strings in Resources */ = {isa = PBXBuildFile; fileRef = 6BAA3A87166812420060DFCF /* InfoPlist.strings */; };
		6BAA3A8B166812420060DFCF /* main.m in Sources */ = {isa = PBXBuildFile; fileRef = 6BAA3A8A166812420060DFCF /* main.m */; };
		6BAA3A8F166812420060DFCF /* AppDelegate.m in Sources */ = {isa = PBXBuildFile; fileRef = 6BAA3A8E166812420060DFCF /* AppDelegate.m */; };
		6BAA3A91166812420060DFCF /* Default.png in Resources */ = {isa = PBXBuildFile; fileRef = 6BAA3A90166812420060DFCF /* Default.png */; };
		6BAA3A93166812430060DFCF /* Default@2x.png in Resources */ = {isa = PBXBuildFile; fileRef = 6BAA3A92166812430060DFCF /* Default@2x.png */; };
		6BAA3A95166812430060DFCF /* Default-568h@2x.png in Resources */ = {isa = PBXBuildFile; fileRef = 6BAA3A94166812430060DFCF /* Default-568h@2x.png */; };
		6BAA3A98166812430060DFCF /* MainStoryboard.storyboard in Resources */ = {isa = PBXBuildFile; fileRef = 6BAA3A96166812430060DFCF /* MainStoryboard.storyboard */; };
		6BAA3A9B166812430060DFCF /* ViewController.m in Sources */ = {isa = PBXBuildFile; fileRef = 6BAA3A9A166812430060DFCF /* ViewController.m */; };
/* End PBXBuildFile section */

/* Begin PBXFileReference section */
		6BAA3A7A166812420060DFCF /* Brythm.app */ = {isa = PBXFileReference; explicitFileType = wrapper.application; includeInIndex = 0; path = Brythm.app; sourceTree = BUILT_PRODUCTS_DIR; };
		6BAA3A7E166812420060DFCF /* UIKit.framework */ = {isa = PBXFileReference; lastKnownFileType = wrapper.framework; name = UIKit.framework; path = System/Library/Frameworks/UIKit.framework; sourceTree = SDKROOT; };
		6BAA3A80166812420060DFCF /* Foundation.framework */ = {isa = PBXFileReference; lastKnownFileType = wrapper.framework; name = Foundation.framework; path = System/Library/Frameworks/Foundation.framework; sourceTree = SDKROOT; };
		6BAA3A82166812420060DFCF /* CoreGraphics.framework */ = {isa = PBXFileReference; lastKnownFileType = wrapper.framework; name = CoreGraphics.framework; path = System/Library/Frameworks/CoreGraphics.framework; sourceTree = SDKROOT; };
		6BAA3A86166812420060DFCF /* Brythm-Info.plist */ = {isa = PBXFileReference; lastKnownFileType = text.plist.xml; path = "Brythm-Info.plist"; sourceTree = "<group>"; };
		6BAA3A88166812420060DFCF /* en */ = {isa = PBXFileReference; lastKnownFileType = text.plist.strings; name = en; path = en.lproj/InfoPlist.strings; sourceTree = "<group>"; };
		6BAA3A8A166812420060DFCF /* main.m */ = {isa = PBXFileReference; lastKnownFileType = sourcecode.c.objc; path = main.m; sourceTree = "<group>"; };
		6BAA3A8C166812420060DFCF /* Brythm-Prefix.pch */ = {isa = PBXFileReference; lastKnownFileType = sourcecode.c.h; path = "Brythm-Prefix.pch"; sourceTree = "<group>"; };
		6BAA3A8D166812420060DFCF /* AppDelegate.h */ = {isa = PBXFileReference; lastKnownFileType = sourcecode.c.h; path = AppDelegate.h; sourceTree = "<group>"; };
		6BAA3A8E166812420060DFCF /* AppDelegate.m */ = {isa = PBXFileReference; lastKnownFileType = sourcecode.c.objc; path = AppDelegate.m; sourceTree = "<group>"; };
		6BAA3A90166812420060DFCF /* Default.png */ = {isa = PBXFileReference; lastKnownFileType = image.png; path = Default.png; sourceTree = "<group>"; };
		6BAA3A92166812430060DFCF /* Default@2x.png */ = {isa = PBXFileReference; lastKnownFileType = image.png; path = "Default@2x.png"; sourceTree = "<group>"; };
		6BAA3A94166812430060DFCF /* Default-568h@2x.png */ = {isa = PBXFileReference; lastKnownFileType = image.png; path = "Default-568h@2x.png"; sourceTree = "<group>"; };
		6BAA3A97166812430060DFCF /* en */ = {isa = PBXFileReference; lastKnownFileType = file.storyboard; name = en; path = en.lproj/MainStoryboard.storyboard; sourceTree = "<group>"; };
		6BAA3A99166812430060DFCF /* ViewController.h */ = {isa = PBXFileReference; lastKnownFileType = sourcecode.c.h; path = ViewController.h; sourceTree = "<group>"; };
		6BAA3A9A166812430060DFCF /* ViewController.m */ = {isa = PBXFileReference; lastKnownFileType = sourcecode.c.objc; path = ViewController.m; sourceTree = "<group>"; };
/* End PBXFileReference section */

/* Begin PBXFrameworksBuildPhase section */
		6BAA3A77166812420060DFCF /* Frameworks */ = {
			isa = PBXFrameworksBuildPhase;
			buildActionMask = 2147483647;
			files = (
				6BAA3A7F166812420060DFCF /* UIKit.framework in Frameworks */,
				6BAA3A81166812420060DFCF /* Foundation.framework in Frameworks */,
				6BAA3A83166812420060DFCF /* CoreGraphics.framework in Frameworks */,
			);
			runOnlyForDeploymentPostprocessing = 0;
		};
/* End PBXFrameworksBuildPhase section */

/* Begin PBXGroup section */
		6BAA3A6F166812420060DFCF = {
			isa = PBXGroup;
			children = (
				6BAA3A84166812420060DFCF /* Brythm */,
				6BAA3A7D166812420060DFCF /* Frameworks */,
				6BAA3A7B166812420060DFCF /* Products */,
			);
			sourceTree = "<group>";
		};
		6BAA3A7B166812420060DFCF /* Products */ = {
			isa = PBXGroup;
			children = (
				6BAA3A7A166812420060DFCF /* Brythm.app */,
			);
			name = Products;
			sourceTree = "<group>";
		};
		6BAA3A7D166812420060DFCF /* Frameworks */ = {
			isa = PBXGroup;
			children = (
				6BAA3A7E166812420060DFCF /* UIKit.framework */,
				6BAA3A80166812420060DFCF /* Foundation.framework */,
				6BAA3A82166812420060DFCF /* CoreGraphics.framework */,
			);
			name = Frameworks;
			sourceTree = "<group>";
		};
		6BAA3A84166812420060DFCF /* Brythm */ = {
			isa = PBXGroup;
			children = (
				6BAA3A8D166812420060DFCF /* AppDelegate.h */,
				6BAA3A8E166812420060DFCF /* AppDelegate.m */,
				6BAA3A96166812430060DFCF /* MainStoryboard.storyboard */,
				6BAA3A99166812430060DFCF /* ViewController.h */,
				6BAA3A9A166812430060DFCF /* ViewController.m */,
				6BAA3A85166812420060DFCF /* Supporting Files */,
			);
			path = Brythm;
			sourceTree = "<group>";
		};
		6BAA3A85166812420060DFCF /* Supporting Files */ = {
			isa = PBXGroup;
			children = (
				6BAA3A86166812420060DFCF /* Brythm-Info.plist */,
				6BAA3A87166812420060DFCF /* InfoPlist.strings */,
				6BAA3A8A166812420060DFCF /* main.m */,
				6BAA3A8C166812420060DFCF /* Brythm-Prefix.pch */,
				6BAA3A90166812420060DFCF /* Default.png */,
				6BAA3A92166812430060DFCF /* Default@2x.png */,
				6BAA3A94166812430060DFCF /* Default-568h@2x.png */,
			);
			name = "Supporting Files";
			sourceTree = "<group>";
		};
/* End PBXGroup section */

/* Begin PBXNativeTarget section */
		6BAA3A79166812420060DFCF /* Brythm */ = {
			isa = PBXNativeTarget;
			buildConfigurationList = 6BAA3A9E166812430060DFCF /* Build configuration list for PBXNativeTarget "Brythm" */;
			buildPhases = (
				6BAA3A76166812420060DFCF /* Sources */,
				6BAA3A77166812420060DFCF /* Frameworks */,
				6BAA3A78166812420060DFCF /* Resources */,
			);
			buildRules = (
			);
			dependencies = (
			);
			name = Brythm;
			productName = Brythm;
			productReference = 6BAA3A7A166812420060DFCF /* Brythm.app */;
			productType = "com.apple.product-type.application";
		};
/* End PBXNativeTarget section */

/* Begin PBXProject section */
		6BAA3A71166812420060DFCF /* Project object */ = {
			isa = PBXProject;
			attributes = {
				LastUpgradeCheck = 0450;
				ORGANIZATIONNAME = "Cassidy Robert Coyote Saenz";
			};
			buildConfigurationList = 6BAA3A74166812420060DFCF /* Build configuration list for PBXProject "Brythm" */;
			compatibilityVersion = "Xcode 3.2";
			developmentRegion = English;
			hasScannedForEncodings = 0;
			knownRegions = (
				en,
			);
			mainGroup = 6BAA3A6F166812420060DFCF;
			productRefGroup = 6BAA3A7B166812420060DFCF /* Products */;
			projectDirPath = "";
			projectRoot = "";
			targets = (
				6BAA3A79166812420060DFCF /* Brythm */,
			);
		};
/* End PBXProject section */

/* Begin PBXResourcesBuildPhase section */
		6BAA3A78166812420060DFCF /* Resources */ = {
			isa = PBXResourcesBuildPhase;
			buildActionMask = 2147483647;
			files = (
				6BAA3A89166812420060DFCF /* InfoPlist.strings in Resources */,
				6BAA3A91166812420060DFCF /* Default.png in Resources */,
				6BAA3A93166812430060DFCF /* Default@2x.png in Resources */,
				6BAA3A95166812430060DFCF /* Default-568h@2x.png in Resources */,
				6BAA3A98166812430060DFCF /* MainStoryboard.storyboard in Resources */,
			);
			runOnlyForDeploymentPostprocessing = 0;
		};
/* End PBXResourcesBuildPhase section */

/* Begin PBXSourcesBuildPhase section */
		6BAA3A76166812420060DFCF /* Sources */ = {
			isa = PBXSourcesBuildPhase;
			buildActionMask = 2147483647;
			files = (
				6BAA3A8B166812420060DFCF /* main.m in Sources */,
				6BAA3A8F166812420060DFCF /* AppDelegate.m in Sources */,
				6BAA3A9B166812430060DFCF /* ViewController.m in Sources */,
			);
			runOnlyForDeploymentPostprocessing = 0;
		};
/* End PBXSourcesBuildPhase section */

/* Begin PBXVariantGroup section */
		6BAA3A87166812420060DFCF /* InfoPlist.strings */ = {
			isa = PBXVariantGroup;
			children = (
				6BAA3A88166812420060DFCF /* en */,
			);
			name = InfoPlist.strings;
			sourceTree = "<group>";
		};
		6BAA3A96166812430060DFCF /* MainStoryboard.storyboard */ = {
			isa = PBXVariantGroup;
			children = (
				6BAA3A97166812430060DFCF /* en */,
			);
			name = MainStoryboard.storyboard;
			sourceTree = "<group>";
		};
/* End PBXVariantGroup section */

/* Begin XCBuildConfiguration section */
		6BAA3A9C166812430060DFCF /* Debug */ = {
			isa = XCBuildConfiguration;
			buildSettings = {
				ALWAYS_SEARCH_USER_PATHS = NO;
				CLANG_CXX_LANGUAGE_STANDARD = "gnu++0x";
				CLANG_CXX_LIBRARY = "libc++";
				CLANG_ENABLE_OBJC_ARC = YES;
				CLANG_WARN_EMPTY_BODY = YES;
				CLANG_WARN__DUPLICATE_METHOD_MATCH = YES;
				"CODE_SIGN_IDENTITY[sdk=iphoneos*]" = "iPhone Developer";
				COPY_PHASE_STRIP = NO;
				GCC_C_LANGUAGE_STANDARD = gnu99;
				GCC_DYNAMIC_NO_PIC = NO;
				GCC_OPTIMIZATION_LEVEL = 0;
				GCC_PREPROCESSOR_DEFINITIONS = (
					"DEBUG=1",
					"$(inherited)",
				);
				GCC_SYMBOLS_PRIVATE_EXTERN = NO;
				GCC_WARN_ABOUT_RETURN_TYPE = YES;
				GCC_WARN_UNINITIALIZED_AUTOS = YES;
				GCC_WARN_UNUSED_VARIABLE = YES;
				IPHONEOS_DEPLOYMENT_TARGET = 6.0;
				ONLY_ACTIVE_ARCH = YES;
				SDKROOT = iphoneos;
			};
			name = Debug;
		};
		6BAA3A9D166812430060DFCF /* Release */ = {
			isa = XCBuildConfiguration;
			buildSettings = {
				ALWAYS_SEARCH_USER_PATHS = NO;
				CLANG_CXX_LANGUAGE_STANDARD = "gnu++0x";
				CLANG_CXX_LIBRARY = "libc++";
				CLANG_ENABLE_OBJC_ARC = YES;
				CLANG_WARN_EMPTY_BODY = YES;
				CLANG_WARN__DUPLICATE_METHOD_MATCH = YES;
				"CODE_SIGN_IDENTITY[sdk=iphoneos*]" = "iPhone Developer";
				COPY_PHASE_STRIP = YES;
				GCC_C_LANGUAGE_STANDARD = gnu99;
				GCC_WARN_ABOUT_RETURN_TYPE = YES;
				GCC_WARN_UNINITIALIZED_AUTOS = YES;
				GCC_WARN_UNUSED_VARIABLE = YES;
				IPHONEOS_DEPLOYMENT_TARGET = 6.0;
				OTHER_CFLAGS = "-DNS_BLOCK_ASSERTIONS=1";
				SDKROOT = iphoneos;
				VALIDATE_PRODUCT = YES;
			};
			name = Release;
		};
		6BAA3A9F166812430060DFCF /* Debug */ = {
			isa = XCBuildConfiguration;
			buildSettings = {
				GCC_PRECOMPILE_PREFIX_HEADER = YES;
				GCC_PREFIX_HEADER = "Brythm/Brythm-Prefix.pch";
				INFOPLIST_FILE = "Brythm/Brythm-Info.plist";
				PRODUCT_NAME = "$(TARGET_NAME)";
				WRAPPER_EXTENSION = app;
			};
			name = Debug;
		};
		6BAA3AA0166812430060DFCF /* Release */ = {
			isa = XCBuildConfiguration;
			buildSettings = {
				GCC_PRECOMPILE_PREFIX_HEADER = YES;
				GCC_PREFIX_HEADER = "Brythm/Brythm-Prefix.pch";
				INFOPLIST_FILE = "Brythm/Brythm-Info.plist";
				PRODUCT_NAME = "$(TARGET_NAME)";
				WRAPPER_EXTENSION = app;
			};
			name = Release;
		};
/* End XCBuildConfiguration section */

/* Begin XCConfigurationList section */
		6BAA3A74166812420060DFCF /* Build configuration list for PBXProject "Brythm" */ = {
			isa = XCConfigurationList;
			buildConfigurations = (
				6BAA3A9C166812430060DFCF /* Debug */,
				6BAA3A9D166812430060DFCF /* Release */,
			);
			defaultConfigurationIsVisible = 0;
			defaultConfigurationName = Release;
		};
		6BAA3A9E166812430060DFCF /* Build configuration list for PBXNativeTarget "Brythm" */ = {
			isa = XCConfigurationList;
			buildConfigurations = (
				6BAA3A9F166812430060DFCF /* Debug */,
				6BAA3AA0166812430060DFCF /* Release */,
			);
			defaultConfigurationIsVisible = 0;
		};
/* End XCConfigurationList section */
	};
	rootObject = 6BAA3A71166812420060DFCF /* Project object */;
}
